
Microsoft Visual Studio Solution File, Format Version 12.00
# Visual Studio 15
VisualStudioVersion = 15.0.27130.2024
MinimumVisualStudioVersion = 10.0.40219.1
Project("{FAE04EC0-301F-11D3-BF4B-00C04F79EFBC}") = "Challenge Days Between Dates", "Challenge Days Between Dates\Challenge Days Between Dates.csproj", "{201F5432-3978-437E-ABEC-25A2EF83588F}"
EndProject
Global
	GlobalSection(SolutionConfigurationPlatforms) = preSolution
		Debug|Any CPU = Debug|Any CPU
		Release|Any CPU = Release|Any CPU
	EndGlobalSection
	GlobalSection(ProjectConfigurationPlatforms) = postSolution
		{201F5432-3978-437E-ABEC-25A2EF83588F}.Debug|Any CPU.ActiveCfg = Debug|Any CPU
		{201F5432-3978-437E-ABEC-25A2EF83588F}.Debug|Any CPU.Build.0 = Debug|Any CPU
		{201F5432-3978-437E-ABEC-25A2EF83588F}.Release|Any CPU.ActiveCfg = Release|Any CPU
		{201F5432-3978-437E-ABEC-25A2EF83588F}.Release|Any CPU.Build.0 = Release|Any CPU
	EndGlobalSection
	GlobalSection(SolutionProperties) = preSolution
		HideSolutionNode = FALSE
	EndGlobalSection
	GlobalSection(ExtensibilityGlobals) = postSolution
		SolutionGuid = {01A36302-B714-40A4-9F29-9FD029FF0380}
	EndGlobalSection
EndGlobal
